# This file is automatically @generated by Cargo.
# It is not intended for manual editing.
version = 4

[[package]]
name = "chronos-game"
version = "0.1.0"
dependencies = [
 "minibevy 0.15.0",
 "minirapier",
]

[[package]]
name = "minibevy"
version = "0.14.0"

[[package]]
name = "minibevy"
version = "0.15.0"

[[package]]
name = "minirapier"
version = "0.1.0"
dependencies = [
 "minibevy 0.14.0",
]
